
Microsoft Visual Studio Solution File, Format Version 12.00
# Visual Studio Version 16
VisualStudioVersion = 16.0.32929.386
MinimumVisualStudioVersion = 10.0.40219.1
Project("{FAE04EC0-301F-11D3-BF4B-00C04F79EFBC}") = "Project_63132986", "Project_63132986\Project_63132986.csproj", "{93D5EF0E-1580-466E-8A45-3D10E706D884}"
EndProject
Global
	GlobalSection(SolutionConfigurationPlatforms) = preSolution
		Debug|Any CPU = Debug|Any CPU
		Release|Any CPU = Release|Any CPU
	EndGlobalSection
	GlobalSection(ProjectConfigurationPlatforms) = postSolution
		{93D5EF0E-1580-466E-8A45-3D10E706D884}.Debug|Any CPU.ActiveCfg = Debug|Any CPU
		{93D5EF0E-1580-466E-8A45-3D10E706D884}.Debug|Any CPU.Build.0 = Debug|Any CPU
		{93D5EF0E-1580-466E-8A45-3D10E706D884}.Release|Any CPU.ActiveCfg = Release|Any CPU
		{93D5EF0E-1580-466E-8A45-3D10E706D884}.Release|Any CPU.Build.0 = Release|Any CPU
	EndGlobalSection
	GlobalSection(SolutionProperties) = preSolution
		HideSolutionNode = FALSE
	EndGlobalSection
	GlobalSection(ExtensibilityGlobals) = postSolution
		SolutionGuid = {238FB93B-601D-40C9-8621-FA4237F8D605}
	EndGlobalSection
EndGlobal
